{
  "name": "Creactivistas-web",
  "lockfileVersion": 3,
  "requires": true,
  "packages": {
    "": {
      "dependencies": {
        "escape-html": "^1.0.3",
        "validator": "^13.15.22"
      }
    },
    "node_modules/escape-html": {
      "version": "1.0.3",
      "resolved": "https://registry.npmjs.org/escape-html/-/escape-html-1.0.3.tgz",
      "integrity": "sha512-NiSupZ4OeuGwr68lGIeym/ksIZMJodUGOSCZ/FSnTxcrekbvqrgdUxlJOMpijaKZVjAJrWrGs/6Jy8OMuyj9ow=="
    },
    "node_modules/validator": {
      "version": "13.15.22",
      "resolved": "https://registry.npmjs.org/validator/-/validator-13.15.22.tgz",
      "integrity": "sha512-uT/YQjiyLJP7HSrv/dPZqK9L28xf8hsNca01HSz1dfmI0DgMfjopp1rO/z13NeGF1tVystF0Ejx3y4rUKPw+bQ==",
      "engines": {
        "node": ">= 0.10"
      }
    }
  }
}
